// !$*UTF8*$!
{
	archiveVersion = 1;
	classes = {
	};
	objectVersion = 46;
	objects = {

/* Begin PBXBuildFile section */
		C80F338018532AAC0068493A /* Foundation.framework in Frameworks */ = {isa = PBXBuildFile; fileRef = C80F337F18532AAC0068493A /* Foundation.framework */; };
		C80F338218532AAC0068493A /* CoreGraphics.framework in Frameworks */ = {isa = PBXBuildFile; fileRef = C80F338118532AAC0068493A /* CoreGraphics.framework */; };
		C80F338418532AAC0068493A /* UIKit.framework in Frameworks */ = {isa = PBXBuildFile; fileRef = C80F338318532AAC0068493A /* UIKit.framework */; };
		C80F338A18532AAC0068493A /* InfoPlist.strings in Resources */ = {isa = PBXBuildFile; fileRef = C80F338818532AAC0068493A /* InfoPlist.strings */; };
		C80F338C18532AAC0068493A /* main.m in Sources */ = {isa = PBXBuildFile; fileRef = C80F338B18532AAC0068493A /* main.m */; };
		C80F339018532AAC0068493A /* CCAppDelegate.m in Sources */ = {isa = PBXBuildFile; fileRef = C80F338F18532AAC0068493A /* CCAppDelegate.m */; };
		C80F339218532AAC0068493A /* Images.xcassets in Resources */ = {isa = PBXBuildFile; fileRef = C80F339118532AAC0068493A /* Images.xcassets */; };
		C80F339918532AAC0068493A /* XCTest.framework in Frameworks */ = {isa = PBXBuildFile; fileRef = C80F339818532AAC0068493A /* XCTest.framework */; };
		C80F339A18532AAC0068493A /* Foundation.framework in Frameworks */ = {isa = PBXBuildFile; fileRef = C80F337F18532AAC0068493A /* Foundation.framework */; };
		C80F339B18532AAC0068493A /* UIKit.framework in Frameworks */ = {isa = PBXBuildFile; fileRef = C80F338318532AAC0068493A /* UIKit.framework */; };
		C80F33A318532AAC0068493A /* InfoPlist.strings in Resources */ = {isa = PBXBuildFile; fileRef = C80F33A118532AAC0068493A /* InfoPlist.strings */; };
		C80F33A518532AAC0068493A /* GlobeFunTests.m in Sources */ = {isa = PBXBuildFile; fileRef = C80F33A418532AAC0068493A /* GlobeFunTests.m */; };
		C80F33B618532DE80068493A /* libc++.dylib in Frameworks */ = {isa = PBXBuildFile; fileRef = C80F33B518532DE80068493A /* libc++.dylib */; };
		C80F33B818532DF10068493A /* CoreLocation.framework in Frameworks */ = {isa = PBXBuildFile; fileRef = C80F33B718532DF10068493A /* CoreLocation.framework */; };
		C80F33BA18532DFC0068493A /* libz.dylib in Frameworks */ = {isa = PBXBuildFile; fileRef = C80F33B918532DFC0068493A /* libz.dylib */; };
		C80F33BC18532E070068493A /* libxml2.dylib in Frameworks */ = {isa = PBXBuildFile; fileRef = C80F33BB18532E070068493A /* libxml2.dylib */; };
		C80F33BE18532E110068493A /* libsqlite3.dylib in Frameworks */ = {isa = PBXBuildFile; fileRef = C80F33BD18532E110068493A /* libsqlite3.dylib */; };
		C80F33C118532E5D0068493A /* CCViewController.m in Sources */ = {isa = PBXBuildFile; fileRef = C80F33C018532E5D0068493A /* CCViewController.m */; };
		C80F33C31853312E0068493A /* WhirlyGlobeMaplyComponent.framework in Frameworks */ = {isa = PBXBuildFile; fileRef = C80F33C21853312E0068493A /* WhirlyGlobeMaplyComponent.framework */; };
		C80F33C5185331420068493A /* libWhirlyGlobeMaplyComponent.a in Frameworks */ = {isa = PBXBuildFile; fileRef = C80F33C4185331420068493A /* libWhirlyGlobeMaplyComponent.a */; };
		C80F33C718538C510068493A /* QuartzCore.framework in Frameworks */ = {isa = PBXBuildFile; fileRef = C80F33C618538C510068493A /* QuartzCore.framework */; };
		C80F33CA18538CFA0068493A /* CFNetwork.framework in Frameworks */ = {isa = PBXBuildFile; fileRef = C80F33C918538CFA0068493A /* CFNetwork.framework */; };
		C80F33CC18538D120068493A /* SystemConfiguration.framework in Frameworks */ = {isa = PBXBuildFile; fileRef = C80F33CB18538D120068493A /* SystemConfiguration.framework */; };
		C80F33D1185397D60068493A /* geography-class.mbtiles in Resources */ = {isa = PBXBuildFile; fileRef = C80F33CD185392FA0068493A /* geography-class.mbtiles */; };
		C80F33D2185397E00068493A /* world_web_mercator.sqlite in Resources */ = {isa = PBXBuildFile; fileRef = C80F33CF185394290068493A /* world_web_mercator.sqlite */; };
		C80F33D41853B9C00068493A /* Objects.plist in Resources */ = {isa = PBXBuildFile; fileRef = C80F33D31853B9C00068493A /* Objects.plist */; };
/* End PBXBuildFile section */

/* Begin PBXContainerItemProxy section */
		C80F339C18532AAC0068493A /* PBXContainerItemProxy */ = {
			isa = PBXContainerItemProxy;
			containerPortal = C80F337418532AAC0068493A /* Project object */;
			proxyType = 1;
			remoteGlobalIDString = C80F337B18532AAC0068493A;
			remoteInfo = GlobeFun;
		};
/* End PBXContainerItemProxy section */

/* Begin PBXFileReference section */
		C80F337C18532AAC0068493A /* GlobeFun.app */ = {isa = PBXFileReference; explicitFileType = wrapper.application; includeInIndex = 0; path = GlobeFun.app; sourceTree = BUILT_PRODUCTS_DIR; };
		C80F337F18532AAC0068493A /* Foundation.framework */ = {isa = PBXFileReference; lastKnownFileType = wrapper.framework; name = Foundation.framework; path = System/Library/Frameworks/Foundation.framework; sourceTree = SDKROOT; };
		C80F338118532AAC0068493A /* CoreGraphics.framework */ = {isa = PBXFileReference; lastKnownFileType = wrapper.framework; name = CoreGraphics.framework; path = System/Library/Frameworks/CoreGraphics.framework; sourceTree = SDKROOT; };
		C80F338318532AAC0068493A /* UIKit.framework */ = {isa = PBXFileReference; lastKnownFileType = wrapper.framework; name = UIKit.framework; path = System/Library/Frameworks/UIKit.framework; sourceTree = SDKROOT; };
		C80F338718532AAC0068493A /* GlobeFun-Info.plist */ = {isa = PBXFileReference; lastKnownFileType = text.plist.xml; path = "GlobeFun-Info.plist"; sourceTree = "<group>"; };
		C80F338918532AAC0068493A /* en */ = {isa = PBXFileReference; lastKnownFileType = text.plist.strings; name = en; path = en.lproj/InfoPlist.strings; sourceTree = "<group>"; };
		C80F338B18532AAC0068493A /* main.m */ = {isa = PBXFileReference; lastKnownFileType = sourcecode.c.objc; path = main.m; sourceTree = "<group>"; };
		C80F338D18532AAC0068493A /* GlobeFun-Prefix.pch */ = {isa = PBXFileReference; lastKnownFileType = sourcecode.c.h; path = "GlobeFun-Prefix.pch"; sourceTree = "<group>"; };
		C80F338E18532AAC0068493A /* CCAppDelegate.h */ = {isa = PBXFileReference; lastKnownFileType = sourcecode.c.h; path = CCAppDelegate.h; sourceTree = "<group>"; };
		C80F338F18532AAC0068493A /* CCAppDelegate.m */ = {isa = PBXFileReference; lastKnownFileType = sourcecode.c.objc; path = CCAppDelegate.m; sourceTree = "<group>"; };
		C80F339118532AAC0068493A /* Images.xcassets */ = {isa = PBXFileReference; lastKnownFileType = folder.assetcatalog; path = Images.xcassets; sourceTree = "<group>"; };
		C80F339718532AAC0068493A /* GlobeFunTests.xctest */ = {isa = PBXFileReference; explicitFileType = wrapper.cfbundle; includeInIndex = 0; path = GlobeFunTests.xctest; sourceTree = BUILT_PRODUCTS_DIR; };
		C80F339818532AAC0068493A /* XCTest.framework */ = {isa = PBXFileReference; lastKnownFileType = wrapper.framework; name = XCTest.framework; path = Library/Frameworks/XCTest.framework; sourceTree = DEVELOPER_DIR; };
		C80F33A018532AAC0068493A /* GlobeFunTests-Info.plist */ = {isa = PBXFileReference; lastKnownFileType = text.plist.xml; path = "GlobeFunTests-Info.plist"; sourceTree = "<group>"; };
		C80F33A218532AAC0068493A /* en */ = {isa = PBXFileReference; lastKnownFileType = text.plist.strings; name = en; path = en.lproj/InfoPlist.strings; sourceTree = "<group>"; };
		C80F33A418532AAC0068493A /* GlobeFunTests.m */ = {isa = PBXFileReference; lastKnownFileType = sourcecode.c.objc; path = GlobeFunTests.m; sourceTree = "<group>"; };
		C80F33B518532DE80068493A /* libc++.dylib */ = {isa = PBXFileReference; lastKnownFileType = "compiled.mach-o.dylib"; name = "libc++.dylib"; path = "usr/lib/libc++.dylib"; sourceTree = SDKROOT; };
		C80F33B718532DF10068493A /* CoreLocation.framework */ = {isa = PBXFileReference; lastKnownFileType = wrapper.framework; name = CoreLocation.framework; path = System/Library/Frameworks/CoreLocation.framework; sourceTree = SDKROOT; };
		C80F33B918532DFC0068493A /* libz.dylib */ = {isa = PBXFileReference; lastKnownFileType = "compiled.mach-o.dylib"; name = libz.dylib; path = usr/lib/libz.dylib; sourceTree = SDKROOT; };
		C80F33BB18532E070068493A /* libxml2.dylib */ = {isa = PBXFileReference; lastKnownFileType = "compiled.mach-o.dylib"; name = libxml2.dylib; path = usr/lib/libxml2.dylib; sourceTree = SDKROOT; };
		C80F33BD18532E110068493A /* libsqlite3.dylib */ = {isa = PBXFileReference; lastKnownFileType = "compiled.mach-o.dylib"; name = libsqlite3.dylib; path = usr/lib/libsqlite3.dylib; sourceTree = SDKROOT; };
		C80F33BF18532E5D0068493A /* CCViewController.h */ = {isa = PBXFileReference; fileEncoding = 4; lastKnownFileType = sourcecode.c.h; path = CCViewController.h; sourceTree = "<group>"; };
		C80F33C018532E5D0068493A /* CCViewController.m */ = {isa = PBXFileReference; fileEncoding = 4; lastKnownFileType = sourcecode.c.objc; path = CCViewController.m; sourceTree = "<group>"; };
		C80F33C21853312E0068493A /* WhirlyGlobeMaplyComponent.framework */ = {isa = PBXFileReference; lastKnownFileType = wrapper.framework; name = WhirlyGlobeMaplyComponent.framework; path = "GlobeFun/WhirlyGlobe-MaplyComponentDistribution_2_2/WhirlyGlobeMaplyComponent.framework"; sourceTree = "<group>"; };
		C80F33C4185331420068493A /* libWhirlyGlobeMaplyComponent.a */ = {isa = PBXFileReference; lastKnownFileType = archive.ar; name = libWhirlyGlobeMaplyComponent.a; path = "GlobeFun/WhirlyGlobe-MaplyComponentDistribution_2_2/WhirlyGlobeMaplyComponent.framework/Versions/A/libWhirlyGlobeMaplyComponent.a"; sourceTree = "<group>"; };
		C80F33C618538C510068493A /* QuartzCore.framework */ = {isa = PBXFileReference; lastKnownFileType = wrapper.framework; name = QuartzCore.framework; path = System/Library/Frameworks/QuartzCore.framework; sourceTree = SDKROOT; };
		C80F33C918538CFA0068493A /* CFNetwork.framework */ = {isa = PBXFileReference; lastKnownFileType = wrapper.framework; name = CFNetwork.framework; path = System/Library/Frameworks/CFNetwork.framework; sourceTree = SDKROOT; };
		C80F33CB18538D120068493A /* SystemConfiguration.framework */ = {isa = PBXFileReference; lastKnownFileType = wrapper.framework; name = SystemConfiguration.framework; path = System/Library/Frameworks/SystemConfiguration.framework; sourceTree = SDKROOT; };
		C80F33CD185392FA0068493A /* geography-class.mbtiles */ = {isa = PBXFileReference; lastKnownFileType = file; path = "geography-class.mbtiles"; sourceTree = "<group>"; };
		C80F33CF185394290068493A /* world_web_mercator.sqlite */ = {isa = PBXFileReference; lastKnownFileType = file; path = world_web_mercator.sqlite; sourceTree = "<group>"; };
		C80F33D31853B9C00068493A /* Objects.plist */ = {isa = PBXFileReference; fileEncoding = 4; lastKnownFileType = text.plist.xml; path = Objects.plist; sourceTree = "<group>"; };
/* End PBXFileReference section */

/* Begin PBXFrameworksBuildPhase section */
		C80F337918532AAC0068493A /* Frameworks */ = {
			isa = PBXFrameworksBuildPhase;
			buildActionMask = 2147483647;
			files = (
				C80F33CC18538D120068493A /* SystemConfiguration.framework in Frameworks */,
				C80F33CA18538CFA0068493A /* CFNetwork.framework in Frameworks */,
				C80F33C718538C510068493A /* QuartzCore.framework in Frameworks */,
				C80F33C5185331420068493A /* libWhirlyGlobeMaplyComponent.a in Frameworks */,
				C80F33C31853312E0068493A /* WhirlyGlobeMaplyComponent.framework in Frameworks */,
				C80F33BE18532E110068493A /* libsqlite3.dylib in Frameworks */,
				C80F33BC18532E070068493A /* libxml2.dylib in Frameworks */,
				C80F33BA18532DFC0068493A /* libz.dylib in Frameworks */,
				C80F33B818532DF10068493A /* CoreLocation.framework in Frameworks */,
				C80F33B618532DE80068493A /* libc++.dylib in Frameworks */,
				C80F338218532AAC0068493A /* CoreGraphics.framework in Frameworks */,
				C80F338418532AAC0068493A /* UIKit.framework in Frameworks */,
				C80F338018532AAC0068493A /* Foundation.framework in Frameworks */,
			);
			runOnlyForDeploymentPostprocessing = 0;
		};
		C80F339418532AAC0068493A /* Frameworks */ = {
			isa = PBXFrameworksBuildPhase;
			buildActionMask = 2147483647;
			files = (
				C80F339918532AAC0068493A /* XCTest.framework in Frameworks */,
				C80F339B18532AAC0068493A /* UIKit.framework in Frameworks */,
				C80F339A18532AAC0068493A /* Foundation.framework in Frameworks */,
			);
			runOnlyForDeploymentPostprocessing = 0;
		};
/* End PBXFrameworksBuildPhase section */

/* Begin PBXGroup section */
		C80F337318532AAC0068493A = {
			isa = PBXGroup;
			children = (
				C80F338518532AAC0068493A /* GlobeFun */,
				C80F339E18532AAC0068493A /* GlobeFunTests */,
				C80F337E18532AAC0068493A /* Frameworks */,
				C80F337D18532AAC0068493A /* Products */,
			);
			sourceTree = "<group>";
		};
		C80F337D18532AAC0068493A /* Products */ = {
			isa = PBXGroup;
			children = (
				C80F337C18532AAC0068493A /* GlobeFun.app */,
				C80F339718532AAC0068493A /* GlobeFunTests.xctest */,
			);
			name = Products;
			sourceTree = "<group>";
		};
		C80F337E18532AAC0068493A /* Frameworks */ = {
			isa = PBXGroup;
			children = (
				C80F33CB18538D120068493A /* SystemConfiguration.framework */,
				C80F33C918538CFA0068493A /* CFNetwork.framework */,
				C80F33C618538C510068493A /* QuartzCore.framework */,
				C80F33C4185331420068493A /* libWhirlyGlobeMaplyComponent.a */,
				C80F33C21853312E0068493A /* WhirlyGlobeMaplyComponent.framework */,
				C80F33BD18532E110068493A /* libsqlite3.dylib */,
				C80F33BB18532E070068493A /* libxml2.dylib */,
				C80F33B918532DFC0068493A /* libz.dylib */,
				C80F33B718532DF10068493A /* CoreLocation.framework */,
				C80F33B518532DE80068493A /* libc++.dylib */,
				C80F337F18532AAC0068493A /* Foundation.framework */,
				C80F338118532AAC0068493A /* CoreGraphics.framework */,
				C80F338318532AAC0068493A /* UIKit.framework */,
				C80F339818532AAC0068493A /* XCTest.framework */,
			);
			name = Frameworks;
			sourceTree = "<group>";
		};
		C80F338518532AAC0068493A /* GlobeFun */ = {
			isa = PBXGroup;
			children = (
				C80F338E18532AAC0068493A /* CCAppDelegate.h */,
				C80F338F18532AAC0068493A /* CCAppDelegate.m */,
				C80F33BF18532E5D0068493A /* CCViewController.h */,
				C80F33C018532E5D0068493A /* CCViewController.m */,
				C80F339118532AAC0068493A /* Images.xcassets */,
				C80F338618532AAC0068493A /* Supporting Files */,
				C80F33CE185393810068493A /* resources */,
			);
			path = GlobeFun;
			sourceTree = "<group>";
		};
		C80F338618532AAC0068493A /* Supporting Files */ = {
			isa = PBXGroup;
			children = (
				C80F338718532AAC0068493A /* GlobeFun-Info.plist */,
				C80F338818532AAC0068493A /* InfoPlist.strings */,
				C80F338B18532AAC0068493A /* main.m */,
				C80F338D18532AAC0068493A /* GlobeFun-Prefix.pch */,
				C80F33D31853B9C00068493A /* Objects.plist */,
			);
			name = "Supporting Files";
			sourceTree = "<group>";
		};
		C80F339E18532AAC0068493A /* GlobeFunTests */ = {
			isa = PBXGroup;
			children = (
				C80F33A418532AAC0068493A /* GlobeFunTests.m */,
				C80F339F18532AAC0068493A /* Supporting Files */,
			);
			path = GlobeFunTests;
			sourceTree = "<group>";
		};
		C80F339F18532AAC0068493A /* Supporting Files */ = {
			isa = PBXGroup;
			children = (
				C80F33A018532AAC0068493A /* GlobeFunTests-Info.plist */,
				C80F33A118532AAC0068493A /* InfoPlist.strings */,
			);
			name = "Supporting Files";
			sourceTree = "<group>";
		};
		C80F33CE185393810068493A /* resources */ = {
			isa = PBXGroup;
			children = (
				C80F33CD185392FA0068493A /* geography-class.mbtiles */,
				C80F33CF185394290068493A /* world_web_mercator.sqlite */,
			);
			name = resources;
			sourceTree = "<group>";
		};
/* End PBXGroup section */

/* Begin PBXNativeTarget section */
		C80F337B18532AAC0068493A /* GlobeFun */ = {
			isa = PBXNativeTarget;
			buildConfigurationList = C80F33A818532AAC0068493A /* Build configuration list for PBXNativeTarget "GlobeFun" */;
			buildPhases = (
				C80F337818532AAC0068493A /* Sources */,
				C80F337918532AAC0068493A /* Frameworks */,
				C80F337A18532AAC0068493A /* Resources */,
			);
			buildRules = (
			);
			dependencies = (
			);
			name = GlobeFun;
			productName = GlobeFun;
			productReference = C80F337C18532AAC0068493A /* GlobeFun.app */;
			productType = "com.apple.product-type.application";
		};
		C80F339618532AAC0068493A /* GlobeFunTests */ = {
			isa = PBXNativeTarget;
			buildConfigurationList = C80F33AB18532AAC0068493A /* Build configuration list for PBXNativeTarget "GlobeFunTests" */;
			buildPhases = (
				C80F339318532AAC0068493A /* Sources */,
				C80F339418532AAC0068493A /* Frameworks */,
				C80F339518532AAC0068493A /* Resources */,
			);
			buildRules = (
			);
			dependencies = (
				C80F339D18532AAC0068493A /* PBXTargetDependency */,
			);
			name = GlobeFunTests;
			productName = GlobeFunTests;
			productReference = C80F339718532AAC0068493A /* GlobeFunTests.xctest */;
			productType = "com.apple.product-type.bundle.unit-test";
		};
/* End PBXNativeTarget section */

/* Begin PBXProject section */
		C80F337418532AAC0068493A /* Project object */ = {
			isa = PBXProject;
			attributes = {
				CLASSPREFIX = CC;
				LastUpgradeCheck = 0500;
				ORGANIZATIONNAME = "Mary Ann Brennan";
				TargetAttributes = {
					C80F339618532AAC0068493A = {
						TestTargetID = C80F337B18532AAC0068493A;
					};
				};
			};
			buildConfigurationList = C80F337718532AAC0068493A /* Build configuration list for PBXProject "GlobeFun" */;
			compatibilityVersion = "Xcode 3.2";
			developmentRegion = English;
			hasScannedForEncodings = 0;
			knownRegions = (
				en,
			);
			mainGroup = C80F337318532AAC0068493A;
			productRefGroup = C80F337D18532AAC0068493A /* Products */;
			projectDirPath = "";
			projectRoot = "";
			targets = (
				C80F337B18532AAC0068493A /* GlobeFun */,
				C80F339618532AAC0068493A /* GlobeFunTests */,
			);
		};
/* End PBXProject section */

/* Begin PBXResourcesBuildPhase section */
		C80F337A18532AAC0068493A /* Resources */ = {
			isa = PBXResourcesBuildPhase;
			buildActionMask = 2147483647;
			files = (
				C80F338A18532AAC0068493A /* InfoPlist.strings in Resources */,
				C80F33D41853B9C00068493A /* Objects.plist in Resources */,
				C80F339218532AAC0068493A /* Images.xcassets in Resources */,
				C80F33D1185397D60068493A /* geography-class.mbtiles in Resources */,
				C80F33D2185397E00068493A /* world_web_mercator.sqlite in Resources */,
			);
			runOnlyForDeploymentPostprocessing = 0;
		};
		C80F339518532AAC0068493A /* Resources */ = {
			isa = PBXResourcesBuildPhase;
			buildActionMask = 2147483647;
			files = (
				C80F33A318532AAC0068493A /* InfoPlist.strings in Resources */,
			);
			runOnlyForDeploymentPostprocessing = 0;
		};
/* End PBXResourcesBuildPhase section */

/* Begin PBXSourcesBuildPhase section */
		C80F337818532AAC0068493A /* Sources */ = {
			isa = PBXSourcesBuildPhase;
			buildActionMask = 2147483647;
			files = (
				C80F339018532AAC0068493A /* CCAppDelegate.m in Sources */,
				C80F338C18532AAC0068493A /* main.m in Sources */,
				C80F33C118532E5D0068493A /* CCViewController.m in Sources */,
			);
			runOnlyForDeploymentPostprocessing = 0;
		};
		C80F339318532AAC0068493A /* Sources */ = {
			isa = PBXSourcesBuildPhase;
			buildActionMask = 2147483647;
			files = (
				C80F33A518532AAC0068493A /* GlobeFunTests.m in Sources */,
			);
			runOnlyForDeploymentPostprocessing = 0;
		};
/* End PBXSourcesBuildPhase section */

/* Begin PBXTargetDependency section */
		C80F339D18532AAC0068493A /* PBXTargetDependency */ = {
			isa = PBXTargetDependency;
			target = C80F337B18532AAC0068493A /* GlobeFun */;
			targetProxy = C80F339C18532AAC0068493A /* PBXContainerItemProxy */;
		};
/* End PBXTargetDependency section */

/* Begin PBXVariantGroup section */
		C80F338818532AAC0068493A /* InfoPlist.strings */ = {
			isa = PBXVariantGroup;
			children = (
				C80F338918532AAC0068493A /* en */,
			);
			name = InfoPlist.strings;
			sourceTree = "<group>";
		};
		C80F33A118532AAC0068493A /* InfoPlist.strings */ = {
			isa = PBXVariantGroup;
			children = (
				C80F33A218532AAC0068493A /* en */,
			);
			name = InfoPlist.strings;
			sourceTree = "<group>";
		};
/* End PBXVariantGroup section */

/* Begin XCBuildConfiguration section */
		C80F33A618532AAC0068493A /* Debug */ = {
			isa = XCBuildConfiguration;
			buildSettings = {
				ALWAYS_SEARCH_USER_PATHS = NO;
				ARCHS = "$(ARCHS_STANDARD_INCLUDING_64_BIT)";
				CLANG_CXX_LANGUAGE_STANDARD = "gnu++0x";
				CLANG_CXX_LIBRARY = "libc++";
				CLANG_ENABLE_MODULES = YES;
				CLANG_ENABLE_OBJC_ARC = YES;
				CLANG_WARN_BOOL_CONVERSION = YES;
				CLANG_WARN_CONSTANT_CONVERSION = YES;
				CLANG_WARN_DIRECT_OBJC_ISA_USAGE = YES_ERROR;
				CLANG_WARN_EMPTY_BODY = YES;
				CLANG_WARN_ENUM_CONVERSION = YES;
				CLANG_WARN_INT_CONVERSION = YES;
				CLANG_WARN_OBJC_ROOT_CLASS = YES_ERROR;
				CLANG_WARN__DUPLICATE_METHOD_MATCH = YES;
				"CODE_SIGN_IDENTITY[sdk=iphoneos*]" = "iPhone Developer";
				COPY_PHASE_STRIP = NO;
				GCC_C_LANGUAGE_STANDARD = gnu99;
				GCC_DYNAMIC_NO_PIC = NO;
				GCC_OPTIMIZATION_LEVEL = 0;
				GCC_PREPROCESSOR_DEFINITIONS = (
					"DEBUG=1",
					"$(inherited)",
				);
				GCC_SYMBOLS_PRIVATE_EXTERN = NO;
				GCC_WARN_64_TO_32_BIT_CONVERSION = YES;
				GCC_WARN_ABOUT_RETURN_TYPE = YES_ERROR;
				GCC_WARN_UNDECLARED_SELECTOR = YES;
				GCC_WARN_UNINITIALIZED_AUTOS = YES;
				GCC_WARN_UNUSED_FUNCTION = YES;
				GCC_WARN_UNUSED_VARIABLE = YES;
				IPHONEOS_DEPLOYMENT_TARGET = 7.0;
				ONLY_ACTIVE_ARCH = YES;
				SDKROOT = iphoneos;
			};
			name = Debug;
		};
		C80F33A718532AAC0068493A /* Release */ = {
			isa = XCBuildConfiguration;
			buildSettings = {
				ALWAYS_SEARCH_USER_PATHS = NO;
				ARCHS = "$(ARCHS_STANDARD_INCLUDING_64_BIT)";
				CLANG_CXX_LANGUAGE_STANDARD = "gnu++0x";
				CLANG_CXX_LIBRARY = "libc++";
				CLANG_ENABLE_MODULES = YES;
				CLANG_ENABLE_OBJC_ARC = YES;
				CLANG_WARN_BOOL_CONVERSION = YES;
				CLANG_WARN_CONSTANT_CONVERSION = YES;
				CLANG_WARN_DIRECT_OBJC_ISA_USAGE = YES_ERROR;
				CLANG_WARN_EMPTY_BODY = YES;
				CLANG_WARN_ENUM_CONVERSION = YES;
				CLANG_WARN_INT_CONVERSION = YES;
				CLANG_WARN_OBJC_ROOT_CLASS = YES_ERROR;
				CLANG_WARN__DUPLICATE_METHOD_MATCH = YES;
				"CODE_SIGN_IDENTITY[sdk=iphoneos*]" = "iPhone Developer";
				COPY_PHASE_STRIP = YES;
				ENABLE_NS_ASSERTIONS = NO;
				GCC_C_LANGUAGE_STANDARD = gnu99;
				GCC_WARN_64_TO_32_BIT_CONVERSION = YES;
				GCC_WARN_ABOUT_RETURN_TYPE = YES_ERROR;
				GCC_WARN_UNDECLARED_SELECTOR = YES;
				GCC_WARN_UNINITIALIZED_AUTOS = YES;
				GCC_WARN_UNUSED_FUNCTION = YES;
				GCC_WARN_UNUSED_VARIABLE = YES;
				IPHONEOS_DEPLOYMENT_TARGET = 7.0;
				SDKROOT = iphoneos;
				VALIDATE_PRODUCT = YES;
			};
			name = Release;
		};
		C80F33A918532AAC0068493A /* Debug */ = {
			isa = XCBuildConfiguration;
			buildSettings = {
				ARCHS = "$(ARCHS_STANDARD)";
				ASSETCATALOG_COMPILER_APPICON_NAME = AppIcon;
				ASSETCATALOG_COMPILER_LAUNCHIMAGE_NAME = LaunchImage;
				FRAMEWORK_SEARCH_PATHS = (
					"$(inherited)",
					"/Users/mbrennan/Downloads/WhirlyGlobe-MaplyComponentDistribution_2_2",
					"/Users/mbrennan/Code/GlobeFun/GlobeFun/WhirlyGlobe-MaplyComponentDistribution_2_2",
					"/Users/mbrennan/Code/GlobeFun/GlobeFun/WhirlyGlobe-MaplyComponentDistribution_2_2",
				);
				GCC_PRECOMPILE_PREFIX_HEADER = YES;
				GCC_PREFIX_HEADER = "GlobeFun/GlobeFun-Prefix.pch";
				HEADER_SEARCH_PATHS = (
					"$(inherited)",
					/Applications/Xcode.app/Contents/Developer/Toolchains/XcodeDefault.xctoolchain/usr/include,
					"$(SRCROOT)/GlobeFun/WhirlyGlobe-MaplyComponentDistribution_2_2/WhirlyGlobeMaplyComponent.framework/Headers",
				);
				INFOPLIST_FILE = "GlobeFun/GlobeFun-Info.plist";
				IPHONEOS_DEPLOYMENT_TARGET = 6.0;
				LIBRARY_SEARCH_PATHS = (
					"$(inherited)",
					"/Users/mbrennan/Code/GlobeFun/GlobeFun/WhirlyGlobe-MaplyComponentDistribution_2_2/WhirlyGlobeMaplyComponent.framework/Versions/A",
					"/Users/mbrennan/Code/GlobeFun/GlobeFun/WhirlyGlobe-MaplyComponentDistribution_2_2/WhirlyGlobeMaplyComponent.framework/Versions/A",
				);
				PRODUCT_NAME = "$(TARGET_NAME)";
				WRAPPER_EXTENSION = app;
			};
			name = Debug;
		};
		C80F33AA18532AAC0068493A /* Release */ = {
			isa = XCBuildConfiguration;
			buildSettings = {
				ARCHS = "$(ARCHS_STANDARD)";
				ASSETCATALOG_COMPILER_APPICON_NAME = AppIcon;
				ASSETCATALOG_COMPILER_LAUNCHIMAGE_NAME = LaunchImage;
				FRAMEWORK_SEARCH_PATHS = (
					"$(inherited)",
					"/Users/mbrennan/Downloads/WhirlyGlobe-MaplyComponentDistribution_2_2",
					"/Users/mbrennan/Code/GlobeFun/GlobeFun/WhirlyGlobe-MaplyComponentDistribution_2_2",
					"/Users/mbrennan/Code/GlobeFun/GlobeFun/WhirlyGlobe-MaplyComponentDistribution_2_2",
				);
				GCC_PRECOMPILE_PREFIX_HEADER = YES;
				GCC_PREFIX_HEADER = "GlobeFun/GlobeFun-Prefix.pch";
				HEADER_SEARCH_PATHS = (
					"$(inherited)",
					/Applications/Xcode.app/Contents/Developer/Toolchains/XcodeDefault.xctoolchain/usr/include,
					"$(SRCROOT)/GlobeFun/WhirlyGlobe-MaplyComponentDistribution_2_2/WhirlyGlobeMaplyComponent.framework/Headers",
				);
				INFOPLIST_FILE = "GlobeFun/GlobeFun-Info.plist";
				IPHONEOS_DEPLOYMENT_TARGET = 6.0;
				LIBRARY_SEARCH_PATHS = (
					"$(inherited)",
					"/Users/mbrennan/Code/GlobeFun/GlobeFun/WhirlyGlobe-MaplyComponentDistribution_2_2/WhirlyGlobeMaplyComponent.framework/Versions/A",
					"/Users/mbrennan/Code/GlobeFun/GlobeFun/WhirlyGlobe-MaplyComponentDistribution_2_2/WhirlyGlobeMaplyComponent.framework/Versions/A",
				);
				PRODUCT_NAME = "$(TARGET_NAME)";
				WRAPPER_EXTENSION = app;
			};
			name = Release;
		};
		C80F33AC18532AAC0068493A /* Debug */ = {
			isa = XCBuildConfiguration;
			buildSettings = {
				ARCHS = "$(ARCHS_STANDARD_INCLUDING_64_BIT)";
				BUNDLE_LOADER = "$(BUILT_PRODUCTS_DIR)/GlobeFun.app/GlobeFun";
				FRAMEWORK_SEARCH_PATHS = (
					"$(SDKROOT)/Developer/Library/Frameworks",
					"$(inherited)",
					"$(DEVELOPER_FRAMEWORKS_DIR)",
				);
				GCC_PRECOMPILE_PREFIX_HEADER = YES;
				GCC_PREFIX_HEADER = "GlobeFun/GlobeFun-Prefix.pch";
				GCC_PREPROCESSOR_DEFINITIONS = (
					"DEBUG=1",
					"$(inherited)",
				);
				INFOPLIST_FILE = "GlobeFunTests/GlobeFunTests-Info.plist";
				PRODUCT_NAME = "$(TARGET_NAME)";
				TEST_HOST = "$(BUNDLE_LOADER)";
				WRAPPER_EXTENSION = xctest;
			};
			name = Debug;
		};
		C80F33AD18532AAC0068493A /* Release */ = {
			isa = XCBuildConfiguration;
			buildSettings = {
				ARCHS = "$(ARCHS_STANDARD_INCLUDING_64_BIT)";
				BUNDLE_LOADER = "$(BUILT_PRODUCTS_DIR)/GlobeFun.app/GlobeFun";
				FRAMEWORK_SEARCH_PATHS = (
					"$(SDKROOT)/Developer/Library/Frameworks",
					"$(inherited)",
					"$(DEVELOPER_FRAMEWORKS_DIR)",
				);
				GCC_PRECOMPILE_PREFIX_HEADER = YES;
				GCC_PREFIX_HEADER = "GlobeFun/GlobeFun-Prefix.pch";
				INFOPLIST_FILE = "GlobeFunTests/GlobeFunTests-Info.plist";
				PRODUCT_NAME = "$(TARGET_NAME)";
				TEST_HOST = "$(BUNDLE_LOADER)";
				WRAPPER_EXTENSION = xctest;
			};
			name = Release;
		};
/* End XCBuildConfiguration section */

/* Begin XCConfigurationList section */
		C80F337718532AAC0068493A /* Build configuration list for PBXProject "GlobeFun" */ = {
			isa = XCConfigurationList;
			buildConfigurations = (
				C80F33A618532AAC0068493A /* Debug */,
				C80F33A718532AAC0068493A /* Release */,
			);
			defaultConfigurationIsVisible = 0;
			defaultConfigurationName = Release;
		};
		C80F33A818532AAC0068493A /* Build configuration list for PBXNativeTarget "GlobeFun" */ = {
			isa = XCConfigurationList;
			buildConfigurations = (
				C80F33A918532AAC0068493A /* Debug */,
				C80F33AA18532AAC0068493A /* Release */,
			);
			defaultConfigurationIsVisible = 0;
			defaultConfigurationName = Release;
		};
		C80F33AB18532AAC0068493A /* Build configuration list for PBXNativeTarget "GlobeFunTests" */ = {
			isa = XCConfigurationList;
			buildConfigurations = (
				C80F33AC18532AAC0068493A /* Debug */,
				C80F33AD18532AAC0068493A /* Release */,
			);
			defaultConfigurationIsVisible = 0;
			defaultConfigurationName = Release;
		};
/* End XCConfigurationList section */
	};
	rootObject = C80F337418532AAC0068493A /* Project object */;
}
